dependencies:
  bblanchon/arduinojson:
    component_hash: 463812931f99cb7a554d64311288f537b43daaca3eed2427557b907af393447c
    source:
      service_url: https://api.components.espressif.com/
      type: service
    version: 6.21.5
  espressif/esp-dsp:
    component_hash: 2592f9fd35b35b63cc8303078413ac3dd4ab8eecc2b53fe1cb610a86756db7a5
    source:
      service_url: https://api.components.espressif.com/
      type: service
    version: 1.5.1
  espressif/jsmn:
    component_hash: d80350c41bbaa827c98a25b6072df00884e72f54885996fab4a4f0aebce6b6c3
    source:
      service_url: https://api.components.espressif.com/
      type: service
    version: 1.1.0
  espressif/nghttp:
    component_hash: c52b83cc3d1083ae669751534ea4f7445974b86d91d49a5273bdb0fbf87f34d6
    source:
      service_url: https://api.components.espressif.com/
      type: service
    version: 1.62.1
  idf:
    component_hash: null
    source:
      type: idf
    version: 5.2.2
  thingsboard/ThingsBoard:
    component_hash: fbf7e33a396ad42649346ba62449b13cb305aceda4261bb684ac813e9c074117
    source:
      git: https://github.com/ebroder/thingsboard-client-sdk
      path: .
      type: git
    version: 2a476796fb877cd8726648360aa89440a10ca43e
manifest_hash: a089dcae0ff08192d63c515a19838e26bfb89604450ecb13db7656c85ca934d6
target: esp32s3
version: 1.0.0
