dependencies:
  bblanchon/arduinojson:
    component_hash: 463812931f99cb7a554d64311288f537b43daaca3eed2427557b907af393447c
    source:
      service_url: https://api.components.espressif.com/
      type: service
    version: 6.21.5
  espressif/esp-dsp:
    component_hash: 3e7bbd487f1357a1d4944d0c85966d049501ea281b8a4c7f93f7cfedd5b7f23d
    source:
      service_url: https://api.components.espressif.com/
      type: service
    version: 1.4.12
  espressif/jsmn:
    component_hash: d80350c41bbaa827c98a25b6072df00884e72f54885996fab4a4f0aebce6b6c3
    source:
      service_url: https://api.components.espressif.com/
      type: service
    version: 1.1.0
  espressif/nghttp:
    component_hash: c52b83cc3d1083ae669751534ea4f7445974b86d91d49a5273bdb0fbf87f34d6
    source:
      service_url: https://api.components.espressif.com/
      type: service
    version: 1.62.1
  idf:
    component_hash: null
    source:
      type: idf
    version: 5.2.0
  thingsboard/ThingsBoard:
    component_hash: fbf7e33a396ad42649346ba62449b13cb305aceda4261bb684ac813e9c074117
    source:
      git: https://github.com/ebroder/thingsboard-client-sdk
      path: .
      type: git
    version: 2a476796fb877cd8726648360aa89440a10ca43e
manifest_hash: 8cfa9e6de5a68faf0855e09b1f18a470d269c9ef6238a5900051375a0366afec
target: esp32s3
version: 1.0.0
